
Microsoft Visual Studio Solution File, Format Version 12.00
# Visual Studio Version 16
VisualStudioVersion = 16.0.30804.86
MinimumVisualStudioVersion = 10.0.40219.1
Project("{FAE04EC0-301F-11D3-BF4B-00C04F79EFBC}") = "MMRGraph", "MMRGraph\MMRGraph.csproj", "{1B54A848-C576-4B2D-8582-F4D6D9F7272E}"
EndProject
Global
	GlobalSection(SolutionConfigurationPlatforms) = preSolution
		Debug|Any CPU = Debug|Any CPU
		Release|Any CPU = Release|Any CPU
	EndGlobalSection
	GlobalSection(ProjectConfigurationPlatforms) = postSolution
		{1B54A848-C576-4B2D-8582-F4D6D9F7272E}.Debug|Any CPU.ActiveCfg = Debug|Any CPU
		{1B54A848-C576-4B2D-8582-F4D6D9F7272E}.Debug|Any CPU.Build.0 = Debug|Any CPU
		{1B54A848-C576-4B2D-8582-F4D6D9F7272E}.Release|Any CPU.ActiveCfg = Release|Any CPU
		{1B54A848-C576-4B2D-8582-F4D6D9F7272E}.Release|Any CPU.Build.0 = Release|Any CPU
	EndGlobalSection
	GlobalSection(SolutionProperties) = preSolution
		HideSolutionNode = FALSE
	EndGlobalSection
	GlobalSection(ExtensibilityGlobals) = postSolution
		SolutionGuid = {43408CEE-ABD9-4D47-B85B-52675B6D1D46}
	EndGlobalSection
EndGlobal
